
Microsoft Visual Studio Solution File, Format Version 12.00
# Visual Studio Version 17
VisualStudioVersion = 17.7.34221.43
MinimumVisualStudioVersion = 10.0.40219.1
Project("{9A19103F-16F7-4668-BE54-9A1E7A4F7556}") = "SoftApp-MongoDB", "SoftApp-MongoDB\SoftApp-MongoDB.csproj", "{71B61A34-4A50-4419-819B-BBCDFC2D79BC}"
EndProject
Project("{9A19103F-16F7-4668-BE54-9A1E7A4F7556}") = "SoftApp.MongoDB", "SoftApp.MongoDB\SoftApp.MongoDB.csproj", "{C585C3FD-6D32-423E-A8F5-C18B66EC5A74}"
EndProject
Project("{FAE04EC0-301F-11D3-BF4B-00C04F79EFBC}") = "SoftApp.Exceptions", "SoftAppException\SoftApp.Exceptions.csproj", "{51E7F1B3-75B8-4B83-AA23-D9EF660F5392}"
EndProject
Global
	GlobalSection(SolutionConfigurationPlatforms) = preSolution
		Debug|Any CPU = Debug|Any CPU
		Release|Any CPU = Release|Any CPU
	EndGlobalSection
	GlobalSection(ProjectConfigurationPlatforms) = postSolution
		{71B61A34-4A50-4419-819B-BBCDFC2D79BC}.Debug|Any CPU.ActiveCfg = Debug|Any CPU
		{71B61A34-4A50-4419-819B-BBCDFC2D79BC}.Debug|Any CPU.Build.0 = Debug|Any CPU
		{71B61A34-4A50-4419-819B-BBCDFC2D79BC}.Release|Any CPU.ActiveCfg = Release|Any CPU
		{71B61A34-4A50-4419-819B-BBCDFC2D79BC}.Release|Any CPU.Build.0 = Release|Any CPU
		{C585C3FD-6D32-423E-A8F5-C18B66EC5A74}.Debug|Any CPU.ActiveCfg = Debug|Any CPU
		{C585C3FD-6D32-423E-A8F5-C18B66EC5A74}.Debug|Any CPU.Build.0 = Debug|Any CPU
		{C585C3FD-6D32-423E-A8F5-C18B66EC5A74}.Release|Any CPU.ActiveCfg = Release|Any CPU
		{C585C3FD-6D32-423E-A8F5-C18B66EC5A74}.Release|Any CPU.Build.0 = Release|Any CPU
		{51E7F1B3-75B8-4B83-AA23-D9EF660F5392}.Debug|Any CPU.ActiveCfg = Debug|Any CPU
		{51E7F1B3-75B8-4B83-AA23-D9EF660F5392}.Debug|Any CPU.Build.0 = Debug|Any CPU
		{51E7F1B3-75B8-4B83-AA23-D9EF660F5392}.Release|Any CPU.ActiveCfg = Release|Any CPU
		{51E7F1B3-75B8-4B83-AA23-D9EF660F5392}.Release|Any CPU.Build.0 = Release|Any CPU
	EndGlobalSection
	GlobalSection(SolutionProperties) = preSolution
		HideSolutionNode = FALSE
	EndGlobalSection
	GlobalSection(ExtensibilityGlobals) = postSolution
		SolutionGuid = {776C2720-1012-4B52-AE8D-7BD8F8F8A956}
	EndGlobalSection
EndGlobal
